# This file is automatically @generated by Poetry 2.4.1 and should not be changed by hand.

[[package]]
name = "redis"
version = "8.0.1"
description = "Python client for Redis database and key-value store"
optional = false
python-versions = ">=3.10"
groups = ["main"]
files = [
    {file = "redis-8.0.1-py3-none-any.whl", hash = "sha256:47daa35a058c23468d6437f17a8c76882cb316b838ef763036af99b96cedd743"},
    {file = "redis-8.0.1.tar.gz", hash = "sha256:afc5a7a2f5a084f5b1880dec548dd45be17db7e43c82a30d84f952aefb05cfb0"},
]

[package.extras]
circuit-breaker = ["pybreaker (>=1.4.0)"]
hiredis = ["hiredis (>=3.2.0)"]
jwt = ["pyjwt (>=2.13.0)"]
ocsp = ["cryptography (>=36.0.1)", "pyopenssl (>=20.0.1)", "requests (>=2.31.0)"]
otel = ["opentelemetry-api (>=1.39.1)", "opentelemetry-exporter-otlp-proto-http (>=1.39.1)", "opentelemetry-sdk (>=1.39.1)"]
xxhash = ["xxhash (>=3.6.0,<3.7.0)"]

[metadata]
lock-version = "2.1"
python-versions = ">=3.12"
content-hash = "626f572fe4958fa73d6cb09fdbfa665180bd6b8e4a59b3cbd98a7c0aaedb18da"
